{
  "name": "@scure/starknet",
  "version": "1.1.1",
  "lockfileVersion": 3,
  "requires": true,
  "packages": {
    "": {
      "name": "@scure/starknet",
      "version": "1.1.1",
      "license": "MIT",
      "dependencies": {
        "@noble/curves": "~1.8.0",
        "@noble/hashes": "~1.7.0"
      },
      "devDependencies": {
        "@paulmillr/jsbt": "0.3.1",
        "@scure/base": "~1.2.4",
        "@scure/bip32": "~1.6.0",
        "@scure/bip39": "~1.5.0",
        "fast-check": "3.0.0",
        "micro-bmark": "0.4.0",
        "micro-should": "0.5.0",
        "prettier": "3.3.2",
        "typescript": "5.5.2"
      },
      "funding": {
        "url": "https://paulmillr.com/funding/"
      }
    },
    "node_modules/@noble/curves": {
      "version": "1.8.0",
      "resolved": "https://registry.npmjs.org/@noble/curves/-/curves-1.8.0.tgz",
      "integrity": "sha512-j84kjAbzEnQHaSIhRPUmB3/eVXu2k3dKPl2LOrR8fSOIL+89U+7lV117EWHtq/GHM3ReGHM46iRBdZfpc4HRUQ==",
      "license": "MIT",
      "dependencies": {
        "@noble/hashes": "1.7.0"
      },
      "engines": {
        "node": "^14.21.3 || >=16"
      },
      "funding": {
        "url": "https://paulmillr.com/funding/"
      }
    },
    "node_modules/@noble/hashes": {
      "version": "1.7.0",
      "resolved": "https://registry.npmjs.org/@noble/hashes/-/hashes-1.7.0.tgz",
      "integrity": "sha512-HXydb0DgzTpDPwbVeDGCG1gIu7X6+AuU6Zl6av/E/KG8LMsvPntvq+w17CHRpKBmN6Ybdrt1eP3k4cj8DJa78w==",
      "license": "MIT",
      "engines": {
        "node": "^14.21.3 || >=16"
      },
      "funding": {
        "url": "https://paulmillr.com/funding/"
      }
    },
    "node_modules/@paulmillr/jsbt": {
      "version": "0.3.1",
      "resolved": "https://registry.npmjs.org/@paulmillr/jsbt/-/jsbt-0.3.1.tgz",
      "integrity": "sha512-mZFkB8GcGu9UPcQqNNqe8xH3t31LkeufYUON//dcm1ASWHBT0caiwek/MxbH5/N5wtCfaH5L4tRAcaQWGO7w9w==",
      "dev": true,
      "license": "MIT",
      "bin": {
        "jsbt": "jsbt.js"
      }
    },
    "node_modules/@scure/base": {
      "version": "1.2.4",
      "resolved": "https://registry.npmjs.org/@scure/base/-/base-1.2.4.tgz",
      "integrity": "sha512-5Yy9czTO47mqz+/J8GM6GIId4umdCk1wc1q8rKERQulIoc8VP9pzDcghv10Tl2E7R96ZUx/PhND3ESYUQX8NuQ==",
      "dev": true,
      "license": "MIT",
      "funding": {
        "url": "https://paulmillr.com/funding/"
      }
    },
    "node_modules/@scure/bip32": {
      "version": "1.6.0",
      "resolved": "https://registry.npmjs.org/@scure/bip32/-/bip32-1.6.0.tgz",
      "integrity": "sha512-82q1QfklrUUdXJzjuRU7iG7D7XiFx5PHYVS0+oeNKhyDLT7WPqs6pBcM2W5ZdwOwKCwoE1Vy1se+DHjcXwCYnA==",
      "dev": true,
      "license": "MIT",
      "dependencies": {
        "@noble/curves": "~1.7.0",
        "@noble/hashes": "~1.6.0",
        "@scure/base": "~1.2.1"
      },
      "funding": {
        "url": "https://paulmillr.com/funding/"
      }
    },
    "node_modules/@scure/bip32/node_modules/@noble/curves": {
      "version": "1.7.0",
      "resolved": "https://registry.npmjs.org/@noble/curves/-/curves-1.7.0.tgz",
      "integrity": "sha512-UTMhXK9SeDhFJVrHeUJ5uZlI6ajXg10O6Ddocf9S6GjbSBVZsJo88HzKwXznNfGpMTRDyJkqMjNDPYgf0qFWnw==",
      "dev": true,
      "license": "MIT",
      "dependencies": {
        "@noble/hashes": "1.6.0"
      },
      "engines": {
        "node": "^14.21.3 || >=16"
      },
      "funding": {
        "url": "https://paulmillr.com/funding/"
      }
    },
    "node_modules/@scure/bip32/node_modules/@noble/curves/node_modules/@noble/hashes": {
      "version": "1.6.0",
      "resolved": "https://registry.npmjs.org/@noble/hashes/-/hashes-1.6.0.tgz",
      "integrity": "sha512-YUULf0Uk4/mAA89w+k3+yUYh6NrEvxZa5T6SY3wlMvE2chHkxFUUIDI8/XW1QSC357iA5pSnqt7XEhvFOqmDyQ==",
      "dev": true,
      "license": "MIT",
      "engines": {
        "node": "^14.21.3 || >=16"
      },
      "funding": {
        "url": "https://paulmillr.com/funding/"
      }
    },
    "node_modules/@scure/bip32/node_modules/@noble/hashes": {
      "version": "1.6.1",
      "resolved": "https://registry.npmjs.org/@noble/hashes/-/hashes-1.6.1.tgz",
      "integrity": "sha512-pq5D8h10hHBjyqX+cfBm0i8JUXJ0UhczFc4r74zbuT9XgewFo2E3J1cOaGtdZynILNmQ685YWGzGE1Zv6io50w==",
      "dev": true,
      "license": "MIT",
      "engines": {
        "node": "^14.21.3 || >=16"
      },
      "funding": {
        "url": "https://paulmillr.com/funding/"
      }
    },
    "node_modules/@scure/bip39": {
      "version": "1.5.0",
      "resolved": "https://registry.npmjs.org/@scure/bip39/-/bip39-1.5.0.tgz",
      "integrity": "sha512-Dop+ASYhnrwm9+HA/HwXg7j2ZqM6yk2fyLWb5znexjctFY3+E+eU8cIWI0Pql0Qx4hPZCijlGq4OL71g+Uz30A==",
      "dev": true,
      "license": "MIT",
      "dependencies": {
        "@noble/hashes": "~1.6.0",
        "@scure/base": "~1.2.1"
      },
      "funding": {
        "url": "https://paulmillr.com/funding/"
      }
    },
    "node_modules/@scure/bip39/node_modules/@noble/hashes": {
      "version": "1.6.1",
      "resolved": "https://registry.npmjs.org/@noble/hashes/-/hashes-1.6.1.tgz",
      "integrity": "sha512-pq5D8h10hHBjyqX+cfBm0i8JUXJ0UhczFc4r74zbuT9XgewFo2E3J1cOaGtdZynILNmQ685YWGzGE1Zv6io50w==",
      "dev": true,
      "license": "MIT",
      "engines": {
        "node": "^14.21.3 || >=16"
      },
      "funding": {
        "url": "https://paulmillr.com/funding/"
      }
    },
    "node_modules/fast-check": {
      "version": "3.0.0",
      "resolved": "https://registry.npmjs.org/fast-check/-/fast-check-3.0.0.tgz",
      "integrity": "sha512-uujtrFJEQQqnIMO52ARwzPcuV4omiL1OJBUBLE9WnNFeu0A97sREXDOmCIHY+Z6KLVcemUf09rWr0q0Xy/Y/Ew==",
      "dev": true,
      "license": "MIT",
      "dependencies": {
        "pure-rand": "^5.0.1"
      },
      "engines": {
        "node": ">=8.0.0"
      },
      "funding": {
        "type": "opencollective",
        "url": "https://opencollective.com/fast-check"
      }
    },
    "node_modules/micro-bmark": {
      "version": "0.4.0",
      "resolved": "https://registry.npmjs.org/micro-bmark/-/micro-bmark-0.4.0.tgz",
      "integrity": "sha512-lQHxIE9BurlmqBR3J4NJnUH6I72kChBYXuBeNkvNT3viFHKfYj2c070OysLZwtjBTxTjIgsUqjgcttMWlmASVA==",
      "dev": true,
      "license": "MIT"
    },
    "node_modules/micro-should": {
      "version": "0.5.0",
      "resolved": "https://registry.npmjs.org/micro-should/-/micro-should-0.5.0.tgz",
      "integrity": "sha512-QNXbZnWK+bg42JQJiVRrYnyZ5YDPbzGWdRJnl/6n/5zxpcIyymHBS5WjBIN4UP4Az8qDdaPMdbUGhGNsqWvcHQ==",
      "dev": true,
      "license": "MIT"
    },
    "node_modules/prettier": {
      "version": "3.3.2",
      "resolved": "https://registry.npmjs.org/prettier/-/prettier-3.3.2.tgz",
      "integrity": "sha512-rAVeHYMcv8ATV5d508CFdn+8/pHPpXeIid1DdrPwXnaAdH7cqjVbpJaT5eq4yRAFU/lsbwYwSF/n5iNrdJHPQA==",
      "dev": true,
      "bin": {
        "prettier": "bin/prettier.cjs"
      },
      "engines": {
        "node": ">=14"
      },
      "funding": {
        "url": "https://github.com/prettier/prettier?sponsor=1"
      }
    },
    "node_modules/pure-rand": {
      "version": "5.0.5",
      "resolved": "https://registry.npmjs.org/pure-rand/-/pure-rand-5.0.5.tgz",
      "integrity": "sha512-BwQpbqxSCBJVpamI6ydzcKqyFmnd5msMWUGvzXLm1aXvusbbgkbOto/EUPM00hjveJEaJtdbhUjKSzWRhQVkaw==",
      "dev": true,
      "funding": [
        {
          "type": "individual",
          "url": "https://github.com/sponsors/dubzzz"
        },
        {
          "type": "opencollective",
          "url": "https://opencollective.com/fast-check"
        }
      ],
      "license": "MIT"
    },
    "node_modules/typescript": {
      "version": "5.5.2",
      "resolved": "https://registry.npmjs.org/typescript/-/typescript-5.5.2.tgz",
      "integrity": "sha512-NcRtPEOsPFFWjobJEtfihkLCZCXZt/os3zf8nTxjVH3RvTSxjrCamJpbExGvYOF+tFHc3pA65qpdwPbzjohhew==",
      "dev": true,
      "bin": {
        "tsc": "bin/tsc",
        "tsserver": "bin/tsserver"
      },
      "engines": {
        "node": ">=14.17"
      }
    }
  }
}
